
Microsoft Visual Studio Solution File, Format Version 12.00
# Visual Studio Version 17
VisualStudioVersion = 17.14.36109.1 d17.14
MinimumVisualStudioVersion = 10.0.40219.1
Project("{FAE04EC0-301F-11D3-BF4B-00C04F79EFBC}") = "JobManager.API", "JobManager.API\JobManager.API.csproj", "{9FE21445-8AE5-478F-AA12-8FBF6CBB1330}"
EndProject
Global
	GlobalSection(SolutionConfigurationPlatforms) = preSolution
		Debug|Any CPU = Debug|Any CPU
		Release|Any CPU = Release|Any CPU
	EndGlobalSection
	GlobalSection(ProjectConfigurationPlatforms) = postSolution
		{9FE21445-8AE5-478F-AA12-8FBF6CBB1330}.Debug|Any CPU.ActiveCfg = Debug|Any CPU
		{9FE21445-8AE5-478F-AA12-8FBF6CBB1330}.Debug|Any CPU.Build.0 = Debug|Any CPU
		{9FE21445-8AE5-478F-AA12-8FBF6CBB1330}.Release|Any CPU.ActiveCfg = Release|Any CPU
		{9FE21445-8AE5-478F-AA12-8FBF6CBB1330}.Release|Any CPU.Build.0 = Release|Any CPU
	EndGlobalSection
	GlobalSection(SolutionProperties) = preSolution
		HideSolutionNode = FALSE
	EndGlobalSection
	GlobalSection(ExtensibilityGlobals) = postSolution
		SolutionGuid = {D94DE445-5172-4F35-BBB1-DF1E85DF5C1A}
	EndGlobalSection
EndGlobal
